
Microsoft Visual Studio Solution File, Format Version 12.00
# Visual Studio Version 17
VisualStudioVersion = 17.3.32901.215
MinimumVisualStudioVersion = 10.0.40219.1
Project("{FAE04EC0-301F-11D3-BF4B-00C04F79EFBC}") = "Lab2_ChatApp", "Lab2_ChatApp.csproj", "{C6CCE7C9-7735-460C-BFB9-F66651FFB610}"
EndProject
Global
	GlobalSection(SolutionConfigurationPlatforms) = preSolution
		Debug|Any CPU = Debug|Any CPU
		Release|Any CPU = Release|Any CPU
	EndGlobalSection
	GlobalSection(ProjectConfigurationPlatforms) = postSolution
		{C6CCE7C9-7735-460C-BFB9-F66651FFB610}.Debug|Any CPU.ActiveCfg = Debug|Any CPU
		{C6CCE7C9-7735-460C-BFB9-F66651FFB610}.Debug|Any CPU.Build.0 = Debug|Any CPU
		{C6CCE7C9-7735-460C-BFB9-F66651FFB610}.Release|Any CPU.ActiveCfg = Release|Any CPU
		{C6CCE7C9-7735-460C-BFB9-F66651FFB610}.Release|Any CPU.Build.0 = Release|Any CPU
	EndGlobalSection
	GlobalSection(SolutionProperties) = preSolution
		HideSolutionNode = FALSE
	EndGlobalSection
	GlobalSection(ExtensibilityGlobals) = postSolution
		SolutionGuid = {868E3F33-4CF5-442F-B2ED-65189EBE3CA8}
	EndGlobalSection
EndGlobal
